// !$*UTF8*$!
{
	archiveVersion = 1;
	classes = {
	};
	objectVersion = 46;
	objects = {

/* Begin PBXBuildFile section */
		9B1B337A1C87E30B00533D89 /* AppDelegate.swift in Sources */ = {isa = PBXBuildFile; fileRef = 9B1B33791C87E30B00533D89 /* AppDelegate.swift */; };
		9B1B337C1C87E30B00533D89 /* CardsViewController.swift in Sources */ = {isa = PBXBuildFile; fileRef = 9B1B337B1C87E30B00533D89 /* CardsViewController.swift */; };
		9B1B337F1C87E30B00533D89 /* Main.storyboard in Resources */ = {isa = PBXBuildFile; fileRef = 9B1B337D1C87E30B00533D89 /* Main.storyboard */; };
		9B1B33811C87E30B00533D89 /* Assets.xcassets in Resources */ = {isa = PBXBuildFile; fileRef = 9B1B33801C87E30B00533D89 /* Assets.xcassets */; };
		9B1B33841C87E30B00533D89 /* LaunchScreen.storyboard in Resources */ = {isa = PBXBuildFile; fileRef = 9B1B33821C87E30B00533D89 /* LaunchScreen.storyboard */; };
		9B1B33941C87E70400533D89 /* DraggableImageView.xib in Resources */ = {isa = PBXBuildFile; fileRef = 9B1B33931C87E70400533D89 /* DraggableImageView.xib */; };
		9B1B33961C87E78300533D89 /* DraggableImageView.swift in Sources */ = {isa = PBXBuildFile; fileRef = 9B1B33951C87E78300533D89 /* DraggableImageView.swift */; };
/* End PBXBuildFile section */

/* Begin PBXFileReference section */
		9B1B33761C87E30B00533D89 /* Tinder.app */ = {isa = PBXFileReference; explicitFileType = wrapper.application; includeInIndex = 0; path = Tinder.app; sourceTree = BUILT_PRODUCTS_DIR; };
		9B1B33791C87E30B00533D89 /* AppDelegate.swift */ = {isa = PBXFileReference; lastKnownFileType = sourcecode.swift; path = AppDelegate.swift; sourceTree = "<group>"; };
		9B1B337B1C87E30B00533D89 /* CardsViewController.swift */ = {isa = PBXFileReference; lastKnownFileType = sourcecode.swift; path = CardsViewController.swift; sourceTree = "<group>"; };
		9B1B337E1C87E30B00533D89 /* Base */ = {isa = PBXFileReference; lastKnownFileType = file.storyboard; name = Base; path = Base.lproj/Main.storyboard; sourceTree = "<group>"; };
		9B1B33801C87E30B00533D89 /* Assets.xcassets */ = {isa = PBXFileReference; lastKnownFileType = folder.assetcatalog; path = Assets.xcassets; sourceTree = "<group>"; };
		9B1B33831C87E30B00533D89 /* Base */ = {isa = PBXFileReference; lastKnownFileType = file.storyboard; name = Base; path = Base.lproj/LaunchScreen.storyboard; sourceTree = "<group>"; };
		9B1B33851C87E30B00533D89 /* Info.plist */ = {isa = PBXFileReference; lastKnownFileType = text.plist.xml; path = Info.plist; sourceTree = "<group>"; };
		9B1B33931C87E70400533D89 /* DraggableImageView.xib */ = {isa = PBXFileReference; fileEncoding = 4; lastKnownFileType = file.xib; name = DraggableImageView.xib; path = ../DraggableImageView.xib; sourceTree = "<group>"; };
		9B1B33951C87E78300533D89 /* DraggableImageView.swift */ = {isa = PBXFileReference; fileEncoding = 4; lastKnownFileType = sourcecode.swift; name = DraggableImageView.swift; path = ../DraggableImageView.swift; sourceTree = "<group>"; };
/* End PBXFileReference section */

/* Begin PBXFrameworksBuildPhase section */
		9B1B33731C87E30B00533D89 /* Frameworks */ = {
			isa = PBXFrameworksBuildPhase;
			buildActionMask = 2147483647;
			files = (
			);
			runOnlyForDeploymentPostprocessing = 0;
		};
/* End PBXFrameworksBuildPhase section */

/* Begin PBXGroup section */
		9B1B336D1C87E30B00533D89 = {
			isa = PBXGroup;
			children = (
				9B1B33781C87E30B00533D89 /* Tinder */,
				9B1B33771C87E30B00533D89 /* Products */,
			);
			sourceTree = "<group>";
		};
		9B1B33771C87E30B00533D89 /* Products */ = {
			isa = PBXGroup;
			children = (
				9B1B33761C87E30B00533D89 /* Tinder.app */,
			);
			name = Products;
			sourceTree = "<group>";
		};
		9B1B33781C87E30B00533D89 /* Tinder */ = {
			isa = PBXGroup;
			children = (
				9B1B33931C87E70400533D89 /* DraggableImageView.xib */,
				9B1B33951C87E78300533D89 /* DraggableImageView.swift */,
				9B1B33791C87E30B00533D89 /* AppDelegate.swift */,
				9B1B337B1C87E30B00533D89 /* CardsViewController.swift */,
				9B1B337D1C87E30B00533D89 /* Main.storyboard */,
				9B1B33801C87E30B00533D89 /* Assets.xcassets */,
				9B1B33821C87E30B00533D89 /* LaunchScreen.storyboard */,
				9B1B33851C87E30B00533D89 /* Info.plist */,
			);
			path = Tinder;
			sourceTree = "<group>";
		};
/* End PBXGroup section */

/* Begin PBXNativeTarget section */
		9B1B33751C87E30B00533D89 /* Tinder */ = {
			isa = PBXNativeTarget;
			buildConfigurationList = 9B1B33881C87E30B00533D89 /* Build configuration list for PBXNativeTarget "Tinder" */;
			buildPhases = (
				9B1B33721C87E30B00533D89 /* Sources */,
				9B1B33731C87E30B00533D89 /* Frameworks */,
				9B1B33741C87E30B00533D89 /* Resources */,
			);
			buildRules = (
			);
			dependencies = (
			);
			name = Tinder;
			productName = Tinder;
			productReference = 9B1B33761C87E30B00533D89 /* Tinder.app */;
			productType = "com.apple.product-type.application";
		};
/* End PBXNativeTarget section */

/* Begin PBXProject section */
		9B1B336E1C87E30B00533D89 /* Project object */ = {
			isa = PBXProject;
			attributes = {
				LastSwiftUpdateCheck = 0720;
				LastUpgradeCheck = 0720;
				ORGANIZATIONNAME = "Lee Edwards";
				TargetAttributes = {
					9B1B33751C87E30B00533D89 = {
						CreatedOnToolsVersion = 7.2;
						DevelopmentTeam = 6NW646Y6R5;
					};
				};
			};
			buildConfigurationList = 9B1B33711C87E30B00533D89 /* Build configuration list for PBXProject "Tinder" */;
			compatibilityVersion = "Xcode 3.2";
			developmentRegion = English;
			hasScannedForEncodings = 0;
			knownRegions = (
				en,
				Base,
			);
			mainGroup = 9B1B336D1C87E30B00533D89;
			productRefGroup = 9B1B33771C87E30B00533D89 /* Products */;
			projectDirPath = "";
			projectRoot = "";
			targets = (
				9B1B33751C87E30B00533D89 /* Tinder */,
			);
		};
/* End PBXProject section */

/* Begin PBXResourcesBuildPhase section */
		9B1B33741C87E30B00533D89 /* Resources */ = {
			isa = PBXResourcesBuildPhase;
			buildActionMask = 2147483647;
			files = (
				9B1B33841C87E30B00533D89 /* LaunchScreen.storyboard in Resources */,
				9B1B33811C87E30B00533D89 /* Assets.xcassets in Resources */,
				9B1B33941C87E70400533D89 /* DraggableImageView.xib in Resources */,
				9B1B337F1C87E30B00533D89 /* Main.storyboard in Resources */,
			);
			runOnlyForDeploymentPostprocessing = 0;
		};
/* End PBXResourcesBuildPhase section */

/* Begin PBXSourcesBuildPhase section */
		9B1B33721C87E30B00533D89 /* Sources */ = {
			isa = PBXSourcesBuildPhase;
			buildActionMask = 2147483647;
			files = (
				9B1B337C1C87E30B00533D89 /* CardsViewController.swift in Sources */,
				9B1B33961C87E78300533D89 /* DraggableImageView.swift in Sources */,
				9B1B337A1C87E30B00533D89 /* AppDelegate.swift in Sources */,
			);
			runOnlyForDeploymentPostprocessing = 0;
		};
/* End PBXSourcesBuildPhase section */

/* Begin PBXVariantGroup section */
		9B1B337D1C87E30B00533D89 /* Main.storyboard */ = {
			isa = PBXVariantGroup;
			children = (
				9B1B337E1C87E30B00533D89 /* Base */,
			);
			name = Main.storyboard;
			sourceTree = "<group>";
		};
		9B1B33821C87E30B00533D89 /* LaunchScreen.storyboard */ = {
			isa = PBXVariantGroup;
			children = (
				9B1B33831C87E30B00533D89 /* Base */,
			);
			name = LaunchScreen.storyboard;
			sourceTree = "<group>";
		};
/* End PBXVariantGroup section */

/* Begin XCBuildConfiguration section */
		9B1B33861C87E30B00533D89 /* Debug */ = {
			isa = XCBuildConfiguration;
			buildSettings = {
				ALWAYS_SEARCH_USER_PATHS = NO;
				CLANG_CXX_LANGUAGE_STANDARD = "gnu++0x";
				CLANG_CXX_LIBRARY = "libc++";
				CLANG_ENABLE_MODULES = YES;
				CLANG_ENABLE_OBJC_ARC = YES;
				CLANG_WARN_BOOL_CONVERSION = YES;
				CLANG_WARN_CONSTANT_CONVERSION = YES;
				CLANG_WARN_DIRECT_OBJC_ISA_USAGE = YES_ERROR;
				CLANG_WARN_EMPTY_BODY = YES;
				CLANG_WARN_ENUM_CONVERSION = YES;
				CLANG_WARN_INT_CONVERSION = YES;
				CLANG_WARN_OBJC_ROOT_CLASS = YES_ERROR;
				CLANG_WARN_UNREACHABLE_CODE = YES;
				CLANG_WARN__DUPLICATE_METHOD_MATCH = YES;
				"CODE_SIGN_IDENTITY[sdk=iphoneos*]" = "iPhone Developer";
				COPY_PHASE_STRIP = NO;
				DEBUG_INFORMATION_FORMAT = dwarf;
				ENABLE_STRICT_OBJC_MSGSEND = YES;
				ENABLE_TESTABILITY = YES;
				GCC_C_LANGUAGE_STANDARD = gnu99;
				GCC_DYNAMIC_NO_PIC = NO;
				GCC_NO_COMMON_BLOCKS = YES;
				GCC_OPTIMIZATION_LEVEL = 0;
				GCC_PREPROCESSOR_DEFINITIONS = (
					"DEBUG=1",
					"$(inherited)",
				);
				GCC_WARN_64_TO_32_BIT_CONVERSION = YES;
				GCC_WARN_ABOUT_RETURN_TYPE = YES_ERROR;
				GCC_WARN_UNDECLARED_SELECTOR = YES;
				GCC_WARN_UNINITIALIZED_AUTOS = YES_AGGRESSIVE;
				GCC_WARN_UNUSED_FUNCTION = YES;
				GCC_WARN_UNUSED_VARIABLE = YES;
				IPHONEOS_DEPLOYMENT_TARGET = 9.2;
				MTL_ENABLE_DEBUG_INFO = YES;
				ONLY_ACTIVE_ARCH = YES;
				SDKROOT = iphoneos;
				SWIFT_OPTIMIZATION_LEVEL = "-Onone";
				TARGETED_DEVICE_FAMILY = "1,2";
			};
			name = Debug;
		};
		9B1B33871C87E30B00533D89 /* Release */ = {
			isa = XCBuildConfiguration;
			buildSettings = {
				ALWAYS_SEARCH_USER_PATHS = NO;
				CLANG_CXX_LANGUAGE_STANDARD = "gnu++0x";
				CLANG_CXX_LIBRARY = "libc++";
				CLANG_ENABLE_MODULES = YES;
				CLANG_ENABLE_OBJC_ARC = YES;
				CLANG_WARN_BOOL_CONVERSION = YES;
				CLANG_WARN_CONSTANT_CONVERSION = YES;
				CLANG_WARN_DIRECT_OBJC_ISA_USAGE = YES_ERROR;
				CLANG_WARN_EMPTY_BODY = YES;
				CLANG_WARN_ENUM_CONVERSION = YES;
				CLANG_WARN_INT_CONVERSION = YES;
				CLANG_WARN_OBJC_ROOT_CLASS = YES_ERROR;
				CLANG_WARN_UNREACHABLE_CODE = YES;
				CLANG_WARN__DUPLICATE_METHOD_MATCH = YES;
				"CODE_SIGN_IDENTITY[sdk=iphoneos*]" = "iPhone Developer";
				COPY_PHASE_STRIP = NO;
				DEBUG_INFORMATION_FORMAT = "dwarf-with-dsym";
				ENABLE_NS_ASSERTIONS = NO;
				ENABLE_STRICT_OBJC_MSGSEND = YES;
				GCC_C_LANGUAGE_STANDARD = gnu99;
				GCC_NO_COMMON_BLOCKS = YES;
				GCC_WARN_64_TO_32_BIT_CONVERSION = YES;
				GCC_WARN_ABOUT_RETURN_TYPE = YES_ERROR;
				GCC_WARN_UNDECLARED_SELECTOR = YES;
				GCC_WARN_UNINITIALIZED_AUTOS = YES_AGGRESSIVE;
				GCC_WARN_UNUSED_FUNCTION = YES;
				GCC_WARN_UNUSED_VARIABLE = YES;
				IPHONEOS_DEPLOYMENT_TARGET = 9.2;
				MTL_ENABLE_DEBUG_INFO = NO;
				SDKROOT = iphoneos;
				TARGETED_DEVICE_FAMILY = "1,2";
				VALIDATE_PRODUCT = YES;
			};
			name = Release;
		};
		9B1B33891C87E30B00533D89 /* Debug */ = {
			isa = XCBuildConfiguration;
			buildSettings = {
				ASSETCATALOG_COMPILER_APPICON_NAME = AppIcon;
				INFOPLIST_FILE = Tinder/Info.plist;
				LD_RUNPATH_SEARCH_PATHS = "$(inherited) @executable_path/Frameworks";
				PRODUCT_BUNDLE_IDENTIFIER = com.ledwards.Tinder;
				PRODUCT_NAME = "$(TARGET_NAME)";
			};
			name = Debug;
		};
		9B1B338A1C87E30B00533D89 /* Release */ = {
			isa = XCBuildConfiguration;
			buildSettings = {
				ASSETCATALOG_COMPILER_APPICON_NAME = AppIcon;
				INFOPLIST_FILE = Tinder/Info.plist;
				LD_RUNPATH_SEARCH_PATHS = "$(inherited) @executable_path/Frameworks";
				PRODUCT_BUNDLE_IDENTIFIER = com.ledwards.Tinder;
				PRODUCT_NAME = "$(TARGET_NAME)";
			};
			name = Release;
		};
/* End XCBuildConfiguration section */

/* Begin XCConfigurationList section */
		9B1B33711C87E30B00533D89 /* Build configuration list for PBXProject "Tinder" */ = {
			isa = XCConfigurationList;
			buildConfigurations = (
				9B1B33861C87E30B00533D89 /* Debug */,
				9B1B33871C87E30B00533D89 /* Release */,
			);
			defaultConfigurationIsVisible = 0;
			defaultConfigurationName = Release;
		};
		9B1B33881C87E30B00533D89 /* Build configuration list for PBXNativeTarget "Tinder" */ = {
			isa = XCConfigurationList;
			buildConfigurations = (
				9B1B33891C87E30B00533D89 /* Debug */,
				9B1B338A1C87E30B00533D89 /* Release */,
			);
			defaultConfigurationIsVisible = 0;
			defaultConfigurationName = Release;
		};
/* End XCConfigurationList section */
	};
	rootObject = 9B1B336E1C87E30B00533D89 /* Project object */;
}
